
Microsoft Visual Studio Solution File, Format Version 12.00
# Visual Studio Version 17
VisualStudioVersion = 17.14.36212.18 d17.14
MinimumVisualStudioVersion = 10.0.40219.1
Project("{8BC9CEB8-8B4A-11D0-8D11-00A0C91BC942}") = "Problem01-NumberToText", "Problem01-NumberToText\Problem01-NumberToText.vcxproj", "{CB4CAD10-B38E-4522-8083-2F24BE268529}"
EndProject
Project("{8BC9CEB8-8B4A-11D0-8D11-00A0C91BC942}") = "Problem02-LeapYear", "Problem02-LeapYear\Problem02-LeapYear.vcxproj", "{C8A983EC-B578-4826-8301-A73D992208F3}"
EndProject
Project("{8BC9CEB8-8B4A-11D0-8D11-00A0C91BC942}") = "Problem03-LeapYear1Line", "Problem03-LeapYear1Line\Problem03-LeapYear1Line.vcxproj", "{7052ACE7-EFD0-4D59-8DFF-C467D30CC846}"
EndProject
Project("{8BC9CEB8-8B4A-11D0-8D11-00A0C91BC942}") = "Problem04-DaysHoursMinutesSecondsInYear", "Problem04-DaysHoursMinutesSecondsInYear\Problem04-DaysHoursMinutesSecondsInYear.vcxproj", "{BA4A7059-02CD-4C08-AEB0-5D7E8431E381}"
EndProject
Project("{8BC9CEB8-8B4A-11D0-8D11-00A0C91BC942}") = "Problem05-DaysHourMinsInMonthYear", "Problem05-DaysHourMinsInMonthYear\Problem05-DaysHourMinsInMonthYear.vcxproj", "{A8DF17A1-B99A-47B1-A84C-35A9CF86B65D}"
EndProject
Project("{8BC9CEB8-8B4A-11D0-8D11-00A0C91BC942}") = "Problem06-NumberOfDaysInMonthV2", "Problem06-NumberOfDaysInMonthV2\Problem06-NumberOfDaysInMonthV2.vcxproj", "{C382708B-EA83-440C-AE34-CD8089C30463}"
EndProject
Project("{8BC9CEB8-8B4A-11D0-8D11-00A0C91BC942}") = "Problem07-DayNameAndOrderFormADate", "Problem07-DayNameAndOrderFormADate\Problem07-DayNameAndOrderFormADate.vcxproj", "{CFF0DE2E-3818-4780-AD14-BF41DFA3E934}"
EndProject
Global
	GlobalSection(SolutionConfigurationPlatforms) = preSolution
		Debug|x64 = Debug|x64
		Debug|x86 = Debug|x86
		Release|x64 = Release|x64
		Release|x86 = Release|x86
	EndGlobalSection
	GlobalSection(ProjectConfigurationPlatforms) = postSolution
		{CB4CAD10-B38E-4522-8083-2F24BE268529}.Debug|x64.ActiveCfg = Debug|x64
		{CB4CAD10-B38E-4522-8083-2F24BE268529}.Debug|x64.Build.0 = Debug|x64
		{CB4CAD10-B38E-4522-8083-2F24BE268529}.Debug|x86.ActiveCfg = Debug|Win32
		{CB4CAD10-B38E-4522-8083-2F24BE268529}.Debug|x86.Build.0 = Debug|Win32
		{CB4CAD10-B38E-4522-8083-2F24BE268529}.Release|x64.ActiveCfg = Release|x64
		{CB4CAD10-B38E-4522-8083-2F24BE268529}.Release|x64.Build.0 = Release|x64
		{CB4CAD10-B38E-4522-8083-2F24BE268529}.Release|x86.ActiveCfg = Release|Win32
		{CB4CAD10-B38E-4522-8083-2F24BE268529}.Release|x86.Build.0 = Release|Win32
		{C8A983EC-B578-4826-8301-A73D992208F3}.Debug|x64.ActiveCfg = Debug|x64
		{C8A983EC-B578-4826-8301-A73D992208F3}.Debug|x64.Build.0 = Debug|x64
		{C8A983EC-B578-4826-8301-A73D992208F3}.Debug|x86.ActiveCfg = Debug|Win32
		{C8A983EC-B578-4826-8301-A73D992208F3}.Debug|x86.Build.0 = Debug|Win32
		{C8A983EC-B578-4826-8301-A73D992208F3}.Release|x64.ActiveCfg = Release|x64
		{C8A983EC-B578-4826-8301-A73D992208F3}.Release|x64.Build.0 = Release|x64
		{C8A983EC-B578-4826-8301-A73D992208F3}.Release|x86.ActiveCfg = Release|Win32
		{C8A983EC-B578-4826-8301-A73D992208F3}.Release|x86.Build.0 = Release|Win32
		{7052ACE7-EFD0-4D59-8DFF-C467D30CC846}.Debug|x64.ActiveCfg = Debug|x64
		{7052ACE7-EFD0-4D59-8DFF-C467D30CC846}.Debug|x64.Build.0 = Debug|x64
		{7052ACE7-EFD0-4D59-8DFF-C467D30CC846}.Debug|x86.ActiveCfg = Debug|Win32
		{7052ACE7-EFD0-4D59-8DFF-C467D30CC846}.Debug|x86.Build.0 = Debug|Win32
		{7052ACE7-EFD0-4D59-8DFF-C467D30CC846}.Release|x64.ActiveCfg = Release|x64
		{7052ACE7-EFD0-4D59-8DFF-C467D30CC846}.Release|x64.Build.0 = Release|x64
		{7052ACE7-EFD0-4D59-8DFF-C467D30CC846}.Release|x86.ActiveCfg = Release|Win32
		{7052ACE7-EFD0-4D59-8DFF-C467D30CC846}.Release|x86.Build.0 = Release|Win32
		{BA4A7059-02CD-4C08-AEB0-5D7E8431E381}.Debug|x64.ActiveCfg = Debug|x64
		{BA4A7059-02CD-4C08-AEB0-5D7E8431E381}.Debug|x64.Build.0 = Debug|x64
		{BA4A7059-02CD-4C08-AEB0-5D7E8431E381}.Debug|x86.ActiveCfg = Debug|Win32
		{BA4A7059-02CD-4C08-AEB0-5D7E8431E381}.Debug|x86.Build.0 = Debug|Win32
		{BA4A7059-02CD-4C08-AEB0-5D7E8431E381}.Release|x64.ActiveCfg = Release|x64
		{BA4A7059-02CD-4C08-AEB0-5D7E8431E381}.Release|x64.Build.0 = Release|x64
		{BA4A7059-02CD-4C08-AEB0-5D7E8431E381}.Release|x86.ActiveCfg = Release|Win32
		{BA4A7059-02CD-4C08-AEB0-5D7E8431E381}.Release|x86.Build.0 = Release|Win32
		{A8DF17A1-B99A-47B1-A84C-35A9CF86B65D}.Debug|x64.ActiveCfg = Debug|x64
		{A8DF17A1-B99A-47B1-A84C-35A9CF86B65D}.Debug|x64.Build.0 = Debug|x64
		{A8DF17A1-B99A-47B1-A84C-35A9CF86B65D}.Debug|x86.ActiveCfg = Debug|Win32
		{A8DF17A1-B99A-47B1-A84C-35A9CF86B65D}.Debug|x86.Build.0 = Debug|Win32
		{A8DF17A1-B99A-47B1-A84C-35A9CF86B65D}.Release|x64.ActiveCfg = Release|x64
		{A8DF17A1-B99A-47B1-A84C-35A9CF86B65D}.Release|x64.Build.0 = Release|x64
		{A8DF17A1-B99A-47B1-A84C-35A9CF86B65D}.Release|x86.ActiveCfg = Release|Win32
		{A8DF17A1-B99A-47B1-A84C-35A9CF86B65D}.Release|x86.Build.0 = Release|Win32
		{C382708B-EA83-440C-AE34-CD8089C30463}.Debug|x64.ActiveCfg = Debug|x64
		{C382708B-EA83-440C-AE34-CD8089C30463}.Debug|x64.Build.0 = Debug|x64
		{C382708B-EA83-440C-AE34-CD8089C30463}.Debug|x86.ActiveCfg = Debug|Win32
		{C382708B-EA83-440C-AE34-CD8089C30463}.Debug|x86.Build.0 = Debug|Win32
		{C382708B-EA83-440C-AE34-CD8089C30463}.Release|x64.ActiveCfg = Release|x64
		{C382708B-EA83-440C-AE34-CD8089C30463}.Release|x64.Build.0 = Release|x64
		{C382708B-EA83-440C-AE34-CD8089C30463}.Release|x86.ActiveCfg = Release|Win32
		{C382708B-EA83-440C-AE34-CD8089C30463}.Release|x86.Build.0 = Release|Win32
		{CFF0DE2E-3818-4780-AD14-BF41DFA3E934}.Debug|x64.ActiveCfg = Debug|x64
		{CFF0DE2E-3818-4780-AD14-BF41DFA3E934}.Debug|x64.Build.0 = Debug|x64
		{CFF0DE2E-3818-4780-AD14-BF41DFA3E934}.Debug|x86.ActiveCfg = Debug|Win32
		{CFF0DE2E-3818-4780-AD14-BF41DFA3E934}.Debug|x86.Build.0 = Debug|Win32
		{CFF0DE2E-3818-4780-AD14-BF41DFA3E934}.Release|x64.ActiveCfg = Release|x64
		{CFF0DE2E-3818-4780-AD14-BF41DFA3E934}.Release|x64.Build.0 = Release|x64
		{CFF0DE2E-3818-4780-AD14-BF41DFA3E934}.Release|x86.ActiveCfg = Release|Win32
		{CFF0DE2E-3818-4780-AD14-BF41DFA3E934}.Release|x86.Build.0 = Release|Win32
	EndGlobalSection
	GlobalSection(SolutionProperties) = preSolution
		HideSolutionNode = FALSE
	EndGlobalSection
	GlobalSection(ExtensibilityGlobals) = postSolution
		SolutionGuid = {1CC8DFAB-87F1-409A-9A60-D073CE7AF6AB}
	EndGlobalSection
EndGlobal
